
Microsoft Visual Studio Solution File, Format Version 12.00
# Visual Studio Version 16
VisualStudioVersion = 16.0.31205.134
MinimumVisualStudioVersion = 10.0.40219.1
Project("{FAE04EC0-301F-11D3-BF4B-00C04F79EFBC}") = "BestBook", "BestBook\BestBook.csproj", "{9AF8EF29-C828-438A-8C2F-5B36081A03AA}"
EndProject
Global
	GlobalSection(SolutionConfigurationPlatforms) = preSolution
		Debug|Any CPU = Debug|Any CPU
		Release|Any CPU = Release|Any CPU
	EndGlobalSection
	GlobalSection(ProjectConfigurationPlatforms) = postSolution
		{9AF8EF29-C828-438A-8C2F-5B36081A03AA}.Debug|Any CPU.ActiveCfg = Debug|Any CPU
		{9AF8EF29-C828-438A-8C2F-5B36081A03AA}.Debug|Any CPU.Build.0 = Debug|Any CPU
		{9AF8EF29-C828-438A-8C2F-5B36081A03AA}.Release|Any CPU.ActiveCfg = Release|Any CPU
		{9AF8EF29-C828-438A-8C2F-5B36081A03AA}.Release|Any CPU.Build.0 = Release|Any CPU
	EndGlobalSection
	GlobalSection(SolutionProperties) = preSolution
		HideSolutionNode = FALSE
	EndGlobalSection
	GlobalSection(ExtensibilityGlobals) = postSolution
		SolutionGuid = {E05ACA46-F376-40EF-8944-C22A34BFF1CD}
	EndGlobalSection
EndGlobal
